
Microsoft Visual Studio Solution File, Format Version 12.00
# Visual Studio Version 16
VisualStudioVersion = 16.0.31613.86
MinimumVisualStudioVersion = 10.0.40219.1
Project("{9A19103F-16F7-4668-BE54-9A1E7A4F7556}") = "DatabaseImplement", "DatabaseImplement\DatabaseImplement.csproj", "{085621EF-615C-401E-9BB8-508C107121AE}"
EndProject
Project("{9A19103F-16F7-4668-BE54-9A1E7A4F7556}") = "BusinessLogic", "BusinessLogic\BusinessLogic.csproj", "{FEE62864-D1FF-4671-8EED-1A7DCD8A3EDC}"
EndProject
Project("{9A19103F-16F7-4668-BE54-9A1E7A4F7556}") = "ClientApp", "ClientApp\ClientApp.csproj", "{67409522-6023-4FC5-9BB7-AC437CCB8B0B}"
EndProject
Project("{FAE04EC0-301F-11D3-BF4B-00C04F79EFBC}") = "RestAPI", "RestAPI\RestAPI.csproj", "{C0F93332-A8FD-499C-B423-F468606EC9FA}"
EndProject
Project("{FAE04EC0-301F-11D3-BF4B-00C04F79EFBC}") = "WorkerApp", "WorkerApp\WorkerApp.csproj", "{C140C274-A419-4AE1-A8F7-7A025CE048DD}"
EndProject
Global
	GlobalSection(SolutionConfigurationPlatforms) = preSolution
		Debug|Any CPU = Debug|Any CPU
		Release|Any CPU = Release|Any CPU
	EndGlobalSection
	GlobalSection(ProjectConfigurationPlatforms) = postSolution
		{085621EF-615C-401E-9BB8-508C107121AE}.Debug|Any CPU.ActiveCfg = Debug|Any CPU
		{085621EF-615C-401E-9BB8-508C107121AE}.Debug|Any CPU.Build.0 = Debug|Any CPU
		{085621EF-615C-401E-9BB8-508C107121AE}.Release|Any CPU.ActiveCfg = Release|Any CPU
		{085621EF-615C-401E-9BB8-508C107121AE}.Release|Any CPU.Build.0 = Release|Any CPU
		{FEE62864-D1FF-4671-8EED-1A7DCD8A3EDC}.Debug|Any CPU.ActiveCfg = Debug|Any CPU
		{FEE62864-D1FF-4671-8EED-1A7DCD8A3EDC}.Debug|Any CPU.Build.0 = Debug|Any CPU
		{FEE62864-D1FF-4671-8EED-1A7DCD8A3EDC}.Release|Any CPU.ActiveCfg = Release|Any CPU
		{FEE62864-D1FF-4671-8EED-1A7DCD8A3EDC}.Release|Any CPU.Build.0 = Release|Any CPU
		{67409522-6023-4FC5-9BB7-AC437CCB8B0B}.Debug|Any CPU.ActiveCfg = Debug|Any CPU
		{67409522-6023-4FC5-9BB7-AC437CCB8B0B}.Debug|Any CPU.Build.0 = Debug|Any CPU
		{67409522-6023-4FC5-9BB7-AC437CCB8B0B}.Release|Any CPU.ActiveCfg = Release|Any CPU
		{67409522-6023-4FC5-9BB7-AC437CCB8B0B}.Release|Any CPU.Build.0 = Release|Any CPU
		{C0F93332-A8FD-499C-B423-F468606EC9FA}.Debug|Any CPU.ActiveCfg = Debug|Any CPU
		{C0F93332-A8FD-499C-B423-F468606EC9FA}.Debug|Any CPU.Build.0 = Debug|Any CPU
		{C0F93332-A8FD-499C-B423-F468606EC9FA}.Release|Any CPU.ActiveCfg = Release|Any CPU
		{C0F93332-A8FD-499C-B423-F468606EC9FA}.Release|Any CPU.Build.0 = Release|Any CPU
		{C140C274-A419-4AE1-A8F7-7A025CE048DD}.Debug|Any CPU.ActiveCfg = Debug|Any CPU
		{C140C274-A419-4AE1-A8F7-7A025CE048DD}.Debug|Any CPU.Build.0 = Debug|Any CPU
		{C140C274-A419-4AE1-A8F7-7A025CE048DD}.Release|Any CPU.ActiveCfg = Release|Any CPU
		{C140C274-A419-4AE1-A8F7-7A025CE048DD}.Release|Any CPU.Build.0 = Release|Any CPU
	EndGlobalSection
	GlobalSection(SolutionProperties) = preSolution
		HideSolutionNode = FALSE
	EndGlobalSection
	GlobalSection(ExtensibilityGlobals) = postSolution
		SolutionGuid = {187DD94E-B0D9-4F5C-A07C-3DACC40D4B8B}
	EndGlobalSection
EndGlobal
